
Microsoft Visual Studio Solution File, Format Version 12.00
# Visual Studio Version 17
VisualStudioVersion = 17.9.34616.47
MinimumVisualStudioVersion = 10.0.40219.1
Project("{FAE04EC0-301F-11D3-BF4B-00C04F79EFBC}") = "RestAPI", "RestAPI\RestAPI.csproj", "{D9FA862C-C3EB-47E2-BE16-319CBAB8FF2C}"
EndProject
Project("{FAE04EC0-301F-11D3-BF4B-00C04F79EFBC}") = "Domain", "Domain\Domain.csproj", "{D20A3672-2F7D-490E-8711-1EC9E979EAC2}"
EndProject
Global
	GlobalSection(SolutionConfigurationPlatforms) = preSolution
		Debug|Any CPU = Debug|Any CPU
		Release|Any CPU = Release|Any CPU
	EndGlobalSection
	GlobalSection(ProjectConfigurationPlatforms) = postSolution
		{D9FA862C-C3EB-47E2-BE16-319CBAB8FF2C}.Debug|Any CPU.ActiveCfg = Debug|Any CPU
		{D9FA862C-C3EB-47E2-BE16-319CBAB8FF2C}.Debug|Any CPU.Build.0 = Debug|Any CPU
		{D9FA862C-C3EB-47E2-BE16-319CBAB8FF2C}.Release|Any CPU.ActiveCfg = Release|Any CPU
		{D9FA862C-C3EB-47E2-BE16-319CBAB8FF2C}.Release|Any CPU.Build.0 = Release|Any CPU
		{D20A3672-2F7D-490E-8711-1EC9E979EAC2}.Debug|Any CPU.ActiveCfg = Debug|Any CPU
		{D20A3672-2F7D-490E-8711-1EC9E979EAC2}.Debug|Any CPU.Build.0 = Debug|Any CPU
		{D20A3672-2F7D-490E-8711-1EC9E979EAC2}.Release|Any CPU.ActiveCfg = Release|Any CPU
		{D20A3672-2F7D-490E-8711-1EC9E979EAC2}.Release|Any CPU.Build.0 = Release|Any CPU
	EndGlobalSection
	GlobalSection(SolutionProperties) = preSolution
		HideSolutionNode = FALSE
	EndGlobalSection
	GlobalSection(ExtensibilityGlobals) = postSolution
		SolutionGuid = {6F54527E-73AC-442F-93B5-D5282A3677F1}
	EndGlobalSection
EndGlobal
